
Microsoft Visual Studio Solution File, Format Version 12.00
# Visual Studio Version 17
VisualStudioVersion = 17.0.31903.59
MinimumVisualStudioVersion = 10.0.40219.1
Project("{2150E333-8FDC-42A3-9474-1A3956D46DE8}") = "src", "src", "{827E0CD3-B72D-47B6-A68D-7590B98EB39B}"
EndProject
Project("{FAE04EC0-301F-11D3-BF4B-00C04F79EFBC}") = "Nvt.Replay.Analysis", "src\Nvt.Replay.Analysis\Nvt.Replay.Analysis.csproj", "{0394C15E-55D9-4070-B72F-9128DFBE461B}"
EndProject
Project("{FAE04EC0-301F-11D3-BF4B-00C04F79EFBC}") = "Nvt.Replay.Avalonia", "src\Nvt.Replay.Avalonia\Nvt.Replay.Avalonia.csproj", "{B22DAC14-8B3E-4A8C-B173-4B4CBE708ADF}"
EndProject
Project("{FAE04EC0-301F-11D3-BF4B-00C04F79EFBC}") = "Nvt.Replay.Cli", "src\Nvt.Replay.Cli\Nvt.Replay.Cli.csproj", "{A4251934-D94B-46C2-B4B4-59FF7D098A2A}"
EndProject
Project("{FAE04EC0-301F-11D3-BF4B-00C04F79EFBC}") = "Nvt.Replay.Core", "src\Nvt.Replay.Core\Nvt.Replay.Core.csproj", "{11786EBE-8A0E-490E-920F-A5C124B0F38A}"
EndProject
Project("{FAE04EC0-301F-11D3-BF4B-00C04F79EFBC}") = "Nvt.Replay.Formats", "src\Nvt.Replay.Formats\Nvt.Replay.Formats.csproj", "{BC4A0584-48D0-43B2-99BD-D21528EF3535}"
EndProject
Project("{FAE04EC0-301F-11D3-BF4B-00C04F79EFBC}") = "Nvt.Replay.Rendering", "src\Nvt.Replay.Rendering\Nvt.Replay.Rendering.csproj", "{62F97B80-0210-442D-9AF0-3403E1531D28}"
EndProject
Project("{FAE04EC0-301F-11D3-BF4B-00C04F79EFBC}") = "Nvt.Replay.Sources", "src\Nvt.Replay.Sources\Nvt.Replay.Sources.csproj", "{A164DCD4-30E8-4776-B044-9C7FE968D881}"
EndProject
Project("{2150E333-8FDC-42A3-9474-1A3956D46DE8}") = "tests", "tests", "{0AB3BF05-4346-4AA6-1389-037BE0695223}"
EndProject
Project("{FAE04EC0-301F-11D3-BF4B-00C04F79EFBC}") = "Nvt.Replay.Tests", "tests\Nvt.Replay.Tests\Nvt.Replay.Tests.csproj", "{EAE0E5A7-B574-4BB2-A0A3-9948AC55B06F}"
EndProject
Global
	GlobalSection(SolutionConfigurationPlatforms) = preSolution
		Debug|Any CPU = Debug|Any CPU
		Debug|x64 = Debug|x64
		Debug|x86 = Debug|x86
		Release|Any CPU = Release|Any CPU
		Release|x64 = Release|x64
		Release|x86 = Release|x86
	EndGlobalSection
	GlobalSection(ProjectConfigurationPlatforms) = postSolution
		{0394C15E-55D9-4070-B72F-9128DFBE461B}.Debug|Any CPU.ActiveCfg = Debug|Any CPU
		{0394C15E-55D9-4070-B72F-9128DFBE461B}.Debug|Any CPU.Build.0 = Debug|Any CPU
		{0394C15E-55D9-4070-B72F-9128DFBE461B}.Debug|x64.ActiveCfg = Debug|Any CPU
		{0394C15E-55D9-4070-B72F-9128DFBE461B}.Debug|x64.Build.0 = Debug|Any CPU
		{0394C15E-55D9-4070-B72F-9128DFBE461B}.Debug|x86.ActiveCfg = Debug|Any CPU
		{0394C15E-55D9-4070-B72F-9128DFBE461B}.Debug|x86.Build.0 = Debug|Any CPU
		{0394C15E-55D9-4070-B72F-9128DFBE461B}.Release|Any CPU.ActiveCfg = Release|Any CPU
		{0394C15E-55D9-4070-B72F-9128DFBE461B}.Release|Any CPU.Build.0 = Release|Any CPU
		{0394C15E-55D9-4070-B72F-9128DFBE461B}.Release|x64.ActiveCfg = Release|Any CPU
		{0394C15E-55D9-4070-B72F-9128DFBE461B}.Release|x64.Build.0 = Release|Any CPU
		{0394C15E-55D9-4070-B72F-9128DFBE461B}.Release|x86.ActiveCfg = Release|Any CPU
		{0394C15E-55D9-4070-B72F-9128DFBE461B}.Release|x86.Build.0 = Release|Any CPU
		{B22DAC14-8B3E-4A8C-B173-4B4CBE708ADF}.Debug|Any CPU.ActiveCfg = Debug|Any CPU
		{B22DAC14-8B3E-4A8C-B173-4B4CBE708ADF}.Debug|Any CPU.Build.0 = Debug|Any CPU
		{B22DAC14-8B3E-4A8C-B173-4B4CBE708ADF}.Debug|x64.ActiveCfg = Debug|Any CPU
		{B22DAC14-8B3E-4A8C-B173-4B4CBE708ADF}.Debug|x64.Build.0 = Debug|Any CPU
		{B22DAC14-8B3E-4A8C-B173-4B4CBE708ADF}.Debug|x86.ActiveCfg = Debug|Any CPU
		{B22DAC14-8B3E-4A8C-B173-4B4CBE708ADF}.Debug|x86.Build.0 = Debug|Any CPU
		{B22DAC14-8B3E-4A8C-B173-4B4CBE708ADF}.Release|Any CPU.ActiveCfg = Release|Any CPU
		{B22DAC14-8B3E-4A8C-B173-4B4CBE708ADF}.Release|Any CPU.Build.0 = Release|Any CPU
		{B22DAC14-8B3E-4A8C-B173-4B4CBE708ADF}.Release|x64.ActiveCfg = Release|Any CPU
		{B22DAC14-8B3E-4A8C-B173-4B4CBE708ADF}.Release|x64.Build.0 = Release|Any CPU
		{B22DAC14-8B3E-4A8C-B173-4B4CBE708ADF}.Release|x86.ActiveCfg = Release|Any CPU
		{B22DAC14-8B3E-4A8C-B173-4B4CBE708ADF}.Release|x86.Build.0 = Release|Any CPU
		{A4251934-D94B-46C2-B4B4-59FF7D098A2A}.Debug|Any CPU.ActiveCfg = Debug|Any CPU
		{A4251934-D94B-46C2-B4B4-59FF7D098A2A}.Debug|Any CPU.Build.0 = Debug|Any CPU
		{A4251934-D94B-46C2-B4B4-59FF7D098A2A}.Debug|x64.ActiveCfg = Debug|Any CPU
		{A4251934-D94B-46C2-B4B4-59FF7D098A2A}.Debug|x64.Build.0 = Debug|Any CPU
		{A4251934-D94B-46C2-B4B4-59FF7D098A2A}.Debug|x86.ActiveCfg = Debug|Any CPU
		{A4251934-D94B-46C2-B4B4-59FF7D098A2A}.Debug|x86.Build.0 = Debug|Any CPU
		{A4251934-D94B-46C2-B4B4-59FF7D098A2A}.Release|Any CPU.ActiveCfg = Release|Any CPU
		{A4251934-D94B-46C2-B4B4-59FF7D098A2A}.Release|Any CPU.Build.0 = Release|Any CPU
		{A4251934-D94B-46C2-B4B4-59FF7D098A2A}.Release|x64.ActiveCfg = Release|Any CPU
		{A4251934-D94B-46C2-B4B4-59FF7D098A2A}.Release|x64.Build.0 = Release|Any CPU
		{A4251934-D94B-46C2-B4B4-59FF7D098A2A}.Release|x86.ActiveCfg = Release|Any CPU
		{A4251934-D94B-46C2-B4B4-59FF7D098A2A}.Release|x86.Build.0 = Release|Any CPU
		{11786EBE-8A0E-490E-920F-A5C124B0F38A}.Debug|Any CPU.ActiveCfg = Debug|Any CPU
		{11786EBE-8A0E-490E-920F-A5C124B0F38A}.Debug|Any CPU.Build.0 = Debug|Any CPU
		{11786EBE-8A0E-490E-920F-A5C124B0F38A}.Debug|x64.ActiveCfg = Debug|Any CPU
		{11786EBE-8A0E-490E-920F-A5C124B0F38A}.Debug|x64.Build.0 = Debug|Any CPU
		{11786EBE-8A0E-490E-920F-A5C124B0F38A}.Debug|x86.ActiveCfg = Debug|Any CPU
		{11786EBE-8A0E-490E-920F-A5C124B0F38A}.Debug|x86.Build.0 = Debug|Any CPU
		{11786EBE-8A0E-490E-920F-A5C124B0F38A}.Release|Any CPU.ActiveCfg = Release|Any CPU
		{11786EBE-8A0E-490E-920F-A5C124B0F38A}.Release|Any CPU.Build.0 = Release|Any CPU
		{11786EBE-8A0E-490E-920F-A5C124B0F38A}.Release|x64.ActiveCfg = Release|Any CPU
		{11786EBE-8A0E-490E-920F-A5C124B0F38A}.Release|x64.Build.0 = Release|Any CPU
		{11786EBE-8A0E-490E-920F-A5C124B0F38A}.Release|x86.ActiveCfg = Release|Any CPU
		{11786EBE-8A0E-490E-920F-A5C124B0F38A}.Release|x86.Build.0 = Release|Any CPU
		{BC4A0584-48D0-43B2-99BD-D21528EF3535}.Debug|Any CPU.ActiveCfg = Debug|Any CPU
		{BC4A0584-48D0-43B2-99BD-D21528EF3535}.Debug|Any CPU.Build.0 = Debug|Any CPU
		{BC4A0584-48D0-43B2-99BD-D21528EF3535}.Debug|x64.ActiveCfg = Debug|Any CPU
		{BC4A0584-48D0-43B2-99BD-D21528EF3535}.Debug|x64.Build.0 = Debug|Any CPU
		{BC4A0584-48D0-43B2-99BD-D21528EF3535}.Debug|x86.ActiveCfg = Debug|Any CPU
		{BC4A0584-48D0-43B2-99BD-D21528EF3535}.Debug|x86.Build.0 = Debug|Any CPU
		{BC4A0584-48D0-43B2-99BD-D21528EF3535}.Release|Any CPU.ActiveCfg = Release|Any CPU
		{BC4A0584-48D0-43B2-99BD-D21528EF3535}.Release|Any CPU.Build.0 = Release|Any CPU
		{BC4A0584-48D0-43B2-99BD-D21528EF3535}.Release|x64.ActiveCfg = Release|Any CPU
		{BC4A0584-48D0-43B2-99BD-D21528EF3535}.Release|x64.Build.0 = Release|Any CPU
		{BC4A0584-48D0-43B2-99BD-D21528EF3535}.Release|x86.ActiveCfg = Release|Any CPU
		{BC4A0584-48D0-43B2-99BD-D21528EF3535}.Release|x86.Build.0 = Release|Any CPU
		{62F97B80-0210-442D-9AF0-3403E1531D28}.Debug|Any CPU.ActiveCfg = Debug|Any CPU
		{62F97B80-0210-442D-9AF0-3403E1531D28}.Debug|Any CPU.Build.0 = Debug|Any CPU
		{62F97B80-0210-442D-9AF0-3403E1531D28}.Debug|x64.ActiveCfg = Debug|Any CPU
		{62F97B80-0210-442D-9AF0-3403E1531D28}.Debug|x64.Build.0 = Debug|Any CPU
		{62F97B80-0210-442D-9AF0-3403E1531D28}.Debug|x86.ActiveCfg = Debug|Any CPU
		{62F97B80-0210-442D-9AF0-3403E1531D28}.Debug|x86.Build.0 = Debug|Any CPU
		{62F97B80-0210-442D-9AF0-3403E1531D28}.Release|Any CPU.ActiveCfg = Release|Any CPU
		{62F97B80-0210-442D-9AF0-3403E1531D28}.Release|Any CPU.Build.0 = Release|Any CPU
		{62F97B80-0210-442D-9AF0-3403E1531D28}.Release|x64.ActiveCfg = Release|Any CPU
		{62F97B80-0210-442D-9AF0-3403E1531D28}.Release|x64.Build.0 = Release|Any CPU
		{62F97B80-0210-442D-9AF0-3403E1531D28}.Release|x86.ActiveCfg = Release|Any CPU
		{62F97B80-0210-442D-9AF0-3403E1531D28}.Release|x86.Build.0 = Release|Any CPU
		{A164DCD4-30E8-4776-B044-9C7FE968D881}.Debug|Any CPU.ActiveCfg = Debug|Any CPU
		{A164DCD4-30E8-4776-B044-9C7FE968D881}.Debug|Any CPU.Build.0 = Debug|Any CPU
		{A164DCD4-30E8-4776-B044-9C7FE968D881}.Debug|x64.ActiveCfg = Debug|Any CPU
		{A164DCD4-30E8-4776-B044-9C7FE968D881}.Debug|x64.Build.0 = Debug|Any CPU
		{A164DCD4-30E8-4776-B044-9C7FE968D881}.Debug|x86.ActiveCfg = Debug|Any CPU
		{A164DCD4-30E8-4776-B044-9C7FE968D881}.Debug|x86.Build.0 = Debug|Any CPU
		{A164DCD4-30E8-4776-B044-9C7FE968D881}.Release|Any CPU.ActiveCfg = Release|Any CPU
		{A164DCD4-30E8-4776-B044-9C7FE968D881}.Release|Any CPU.Build.0 = Release|Any CPU
		{A164DCD4-30E8-4776-B044-9C7FE968D881}.Release|x64.ActiveCfg = Release|Any CPU
		{A164DCD4-30E8-4776-B044-9C7FE968D881}.Release|x64.Build.0 = Release|Any CPU
		{A164DCD4-30E8-4776-B044-9C7FE968D881}.Release|x86.ActiveCfg = Release|Any CPU
		{A164DCD4-30E8-4776-B044-9C7FE968D881}.Release|x86.Build.0 = Release|Any CPU
		{EAE0E5A7-B574-4BB2-A0A3-9948AC55B06F}.Debug|Any CPU.ActiveCfg = Debug|Any CPU
		{EAE0E5A7-B574-4BB2-A0A3-9948AC55B06F}.Debug|Any CPU.Build.0 = Debug|Any CPU
		{EAE0E5A7-B574-4BB2-A0A3-9948AC55B06F}.Debug|x64.ActiveCfg = Debug|Any CPU
		{EAE0E5A7-B574-4BB2-A0A3-9948AC55B06F}.Debug|x64.Build.0 = Debug|Any CPU
		{EAE0E5A7-B574-4BB2-A0A3-9948AC55B06F}.Debug|x86.ActiveCfg = Debug|Any CPU
		{EAE0E5A7-B574-4BB2-A0A3-9948AC55B06F}.Debug|x86.Build.0 = Debug|Any CPU
		{EAE0E5A7-B574-4BB2-A0A3-9948AC55B06F}.Release|Any CPU.ActiveCfg = Release|Any CPU
		{EAE0E5A7-B574-4BB2-A0A3-9948AC55B06F}.Release|Any CPU.Build.0 = Release|Any CPU
		{EAE0E5A7-B574-4BB2-A0A3-9948AC55B06F}.Release|x64.ActiveCfg = Release|Any CPU
		{EAE0E5A7-B574-4BB2-A0A3-9948AC55B06F}.Release|x64.Build.0 = Release|Any CPU
		{EAE0E5A7-B574-4BB2-A0A3-9948AC55B06F}.Release|x86.ActiveCfg = Release|Any CPU
		{EAE0E5A7-B574-4BB2-A0A3-9948AC55B06F}.Release|x86.Build.0 = Release|Any CPU
	EndGlobalSection
	GlobalSection(SolutionProperties) = preSolution
		HideSolutionNode = FALSE
	EndGlobalSection
	GlobalSection(NestedProjects) = preSolution
		{0394C15E-55D9-4070-B72F-9128DFBE461B} = {827E0CD3-B72D-47B6-A68D-7590B98EB39B}
		{B22DAC14-8B3E-4A8C-B173-4B4CBE708ADF} = {827E0CD3-B72D-47B6-A68D-7590B98EB39B}
		{A4251934-D94B-46C2-B4B4-59FF7D098A2A} = {827E0CD3-B72D-47B6-A68D-7590B98EB39B}
		{11786EBE-8A0E-490E-920F-A5C124B0F38A} = {827E0CD3-B72D-47B6-A68D-7590B98EB39B}
		{BC4A0584-48D0-43B2-99BD-D21528EF3535} = {827E0CD3-B72D-47B6-A68D-7590B98EB39B}
		{62F97B80-0210-442D-9AF0-3403E1531D28} = {827E0CD3-B72D-47B6-A68D-7590B98EB39B}
		{A164DCD4-30E8-4776-B044-9C7FE968D881} = {827E0CD3-B72D-47B6-A68D-7590B98EB39B}
		{EAE0E5A7-B574-4BB2-A0A3-9948AC55B06F} = {0AB3BF05-4346-4AA6-1389-037BE0695223}
	EndGlobalSection
EndGlobal
