{
  "version": 1,
  "dependencies": {
    "net10.0": {
      "nvt.replay.core": {
        "type": "Project"
      },
      "nvt.replay.formats": {
        "type": "Project",
        "dependencies": {
          "Nvt.Replay.Core": "[0.1.0, )"
        }
      },
      "nvt.replay.sources": {
        "type": "Project",
        "dependencies": {
          "Nvt.Replay.Core": "[0.1.0, )"
        }
      }
    },
    "net10.0/win-x64": {}
  }
}