{
  "version": 2,
  "dependencies": {
    "net10.0": {
      "nvt.replay.core": {
        "type": "Project",
        "dependencies": {
          "Nvt.Core": "[0.2.0, 0.2.0]"
        }
      },
      "nvt.replay.formats": {
        "type": "Project",
        "dependencies": {
          "Nvt.Replay.Core": "[0.1.1, )"
        }
      },
      "nvt.replay.sources": {
        "type": "Project",
        "dependencies": {
          "Nvt.Replay.Core": "[0.1.1, )"
        }
      },
      "Nvt.Core": {
        "type": "CentralTransitive",
        "requested": "[0.2.0, 0.2.0]",
        "resolved": "0.2.0",
        "contentHash": "k/mY/z0n19QLga/dln2mLWsRjAFvGUGfcjrhM2WmBCztOsiET6jpKn28lmVykgfEEy7DUd+YFLDRDifsWj7vqg=="
      }
    },
    "net10.0/win-x64": {}
  }
}