{
  "version": 1,
  "dependencies": {
    "net10.0": {
      "Nvt.Core": {
        "type": "Direct",
        "requested": "[0.1.0, 0.1.0]",
        "resolved": "0.1.0",
        "contentHash": "zwlxw7iHNVCjAtix9Wi1Ok1nEZk6fJtAkQFVI7BYQycKS2Xk5ZLo3X4mXU/SPdetJcHQQSPoEGNiYtVgoc+5yA=="
      }
    },
    "net10.0/win-x64": {}
  }
}