{
  "version": 1,
  "dependencies": {
    "net10.0": {
      "Nvt.Core": {
        "type": "Transitive",
        "resolved": "0.2.0",
        "contentHash": "k/mY/z0n19QLga/dln2mLWsRjAFvGUGfcjrhM2WmBCztOsiET6jpKn28lmVykgfEEy7DUd+YFLDRDifsWj7vqg=="
      },
      "nvt.replay.core": {
        "type": "Project",
        "dependencies": {
          "Nvt.Core": "[0.2.0, 0.2.0]"
        }
      }
    },
    "net10.0/win-x64": {}
  }
}